
Microsoft Visual Studio Solution File, Format Version 11.00
# Visual Studio 2010
Project("{FAE04EC0-301F-11D3-BF4B-00C04F79EFBC}") = "RouteFinder.Web", "RouteFinder.Web\RouteFinder.Web.csproj", "{EF7B4D46-8647-481E-8F81-D3DC03AFE599}"
EndProject
Project("{FAE04EC0-301F-11D3-BF4B-00C04F79EFBC}") = "RouteFinder.Web.Tests", "RouteFinder.Web.Tests\RouteFinder.Web.Tests.csproj", "{58A7CC7C-C5CD-46DB-B52D-D305D8BD00E1}"
EndProject
Global
	GlobalSection(SolutionConfigurationPlatforms) = preSolution
		Debug|Any CPU = Debug|Any CPU
		Release|Any CPU = Release|Any CPU
	EndGlobalSection
	GlobalSection(ProjectConfigurationPlatforms) = postSolution
		{EF7B4D46-8647-481E-8F81-D3DC03AFE599}.Debug|Any CPU.ActiveCfg = Debug|Any CPU
		{EF7B4D46-8647-481E-8F81-D3DC03AFE599}.Debug|Any CPU.Build.0 = Debug|Any CPU
		{EF7B4D46-8647-481E-8F81-D3DC03AFE599}.Release|Any CPU.ActiveCfg = Release|Any CPU
		{EF7B4D46-8647-481E-8F81-D3DC03AFE599}.Release|Any CPU.Build.0 = Release|Any CPU
		{58A7CC7C-C5CD-46DB-B52D-D305D8BD00E1}.Debug|Any CPU.ActiveCfg = Debug|Any CPU
		{58A7CC7C-C5CD-46DB-B52D-D305D8BD00E1}.Debug|Any CPU.Build.0 = Debug|Any CPU
		{58A7CC7C-C5CD-46DB-B52D-D305D8BD00E1}.Release|Any CPU.ActiveCfg = Release|Any CPU
		{58A7CC7C-C5CD-46DB-B52D-D305D8BD00E1}.Release|Any CPU.Build.0 = Release|Any CPU
	EndGlobalSection
	GlobalSection(SolutionProperties) = preSolution
		HideSolutionNode = FALSE
	EndGlobalSection
EndGlobal
